<?xml version="1.0" encoding="utf-8"?>
<Project ToolsVersion="4.0" xmlns="http://schemas.microsoft.com/developer/msbuild/2003">
  <ItemGroup>
    <Filter Include="Source Files">
      <UniqueIdentifier>{4FC737F1-C7A5-4376-A066-2A32D752A2FF}</UniqueIdentifier>
      <Extensions>cpp;c;cc;cxx;def;odl;idl;hpj;bat;asm;asmx</Extensions>
    </Filter>
    <Filter Include="Header Files">
      <UniqueIdentifier>{93995380-89BD-4b04-88EB-625FBE52EBFB}</UniqueIdentifier>
      <Extensions>h;hh;hpp;hxx;hm;inl;inc;xsd</Extensions>
    </Filter>
    <Filter Include="Resource Files">
      <UniqueIdentifier>{67DA6AB6-F800-4c08-8B7A-83BB121AAD01}</UniqueIdentifier>
      <Extensions>rc;ico;cur;bmp;dlg;rc2;rct;bin;rgs;gif;jpg;jpeg;jpe;resx;tiff;tif;png;wav;mfcribbon-ms</Extensions>
    </Filter>
  </ItemGroup>
  <ItemGroup>
    <Text Include="ReadMe.txt" />
  </ItemGroup>
  <ItemGroup>
    <ClInclude Include="targetver.h">
      <Filter>Header Files</Filter>
    </ClInclude>
    <ClInclude Include="..\include\_no_copy.h">
      <Filter>Header Files</Filter>
    </ClInclude>
    <ClInclude Include="..\include\AC3.h">
      <Filter>Header Files</Filter>
    </ClInclude>
    <ClInclude Include="..\include\bitOperators.h">
      <Filter>Header Files</Filter>
    </ClInclude>
    <ClInclude Include="..\include\BitReverse.h">
      <Filter>Header Files</Filter>
    </ClInclude>
    <ClInclude Include="..\include\BitStream.h">
      <Filter>Header Files</Filter>
    </ClInclude>
    <ClInclude Include="..\include\BitStreamReader.h">
      <Filter>Header Files</Filter>
    </ClInclude>
    <ClInclude Include="..\include\CommandLineParse.h">
      <Filter>Header Files</Filter>
    </ClInclude>
    <ClInclude Include="..\include\crc.h">
      <Filter>Header Files</Filter>
    </ClInclude>
    <ClInclude Include="..\include\DataBuffer.h">
      <Filter>Header Files</Filter>
    </ClInclude>
    <ClInclude Include="..\include\DTSPacketHandler.h">
      <Filter>Header Files</Filter>
    </ClInclude>
    <ClInclude Include="..\include\ESDumpPacketHandler.h">
      <Filter>Header Files</Filter>
    </ClInclude>
    <ClInclude Include="..\include\esPacketDecoder.h">
      <Filter>Header Files</Filter>
    </ClInclude>
    <ClInclude Include="..\include\fileReader.h">
      <Filter>Header Files</Filter>
    </ClInclude>
    <ClInclude Include="..\include\fileWriter.h">
      <Filter>Header Files</Filter>
    </ClInclude>
    <ClInclude Include="..\include\LA_debug.h">
      <Filter>Header Files</Filter>
    </ClInclude>
    <ClInclude Include="..\include\libr1k.h">
      <Filter>Header Files</Filter>
    </ClInclude>
    <ClInclude Include="..\include\Log.h">
      <Filter>Header Files</Filter>
    </ClInclude>
    <ClInclude Include="..\include\LPCMPacketHandler.h">
      <Filter>Header Files</Filter>
    </ClInclude>
    <ClInclude Include="..\include\pcr.h">
      <Filter>Header Files</Filter>
    </ClInclude>
    <ClInclude Include="..\include\PESPacketHandler.h">
      <Filter>Header Files</Filter>
    </ClInclude>
    <ClInclude Include="..\include\PTSPacketHandler.h">
      <Filter>Header Files</Filter>
    </ClInclude>
    <ClInclude Include="..\include\TransportPacket.h">
      <Filter>Header Files</Filter>
    </ClInclude>
    <ClInclude Include="..\include\TSPacketHandler.h">
      <Filter>Header Files</Filter>
    </ClInclude>
    <ClInclude Include="..\include\WAVFile.h">
      <Filter>Header Files</Filter>
    </ClInclude>
    <ClInclude Include="src\targetver.h">
      <Filter>Source Files</Filter>
    </ClInclude>
    <ClInclude Include="internal_includes\liba52_wrapper.h">
      <Filter>Header Files</Filter>
    </ClInclude>
    <ClInclude Include="..\include\Exceptions.h">
      <Filter>Header Files</Filter>
    </ClInclude>
    <ClInclude Include="..\include\Types.h">
      <Filter>Header Files</Filter>
    </ClInclude>
    <ClInclude Include="..\include\SampleBuffer.h">
      <Filter>Header Files</Filter>
    </ClInclude>
    <ClInclude Include="..\include\AudioDSPFilters.h">
      <Filter>Header Files</Filter>
    </ClInclude>
    <ClInclude Include="..\include\AudioDSPFilters_Goertzel.h">
      <Filter>Header Files</Filter>
    </ClInclude>
    <ClInclude Include="..\include\maths.h">
      <Filter>Header Files</Filter>
    </ClInclude>
    <ClInclude Include="..\include\profiler.h">
      <Filter>Header Files</Filter>
    </ClInclude>
    <ClInclude Include="..\include\AudioDSPFilters_Goertzel_dev.h">
      <Filter>Header Files</Filter>
    </ClInclude>
    <ClInclude Include="..\include\BigNum.h">
      <Filter>Header Files</Filter>
    </ClInclude>
  </ItemGroup>
  <ItemGroup>
    <ClCompile Include="src\AC3.cpp">
      <Filter>Source Files</Filter>
    </ClCompile>
    <ClCompile Include="src\BitReverse.cpp">
      <Filter>Source Files</Filter>
    </ClCompile>
    <ClCompile Include="src\BitStream.cpp">
      <Filter>Source Files</Filter>
    </ClCompile>
    <ClCompile Include="src\BitStreamReader.cpp">
      <Filter>Source Files</Filter>
    </ClCompile>
    <ClCompile Include="src\codeLibraryRiK.cpp">
      <Filter>Source Files</Filter>
    </ClCompile>
    <ClCompile Include="src\CommandLineParse.cpp">
      <Filter>Source Files</Filter>
    </ClCompile>
    <ClCompile Include="src\crc.cpp">
      <Filter>Source Files</Filter>
    </ClCompile>
    <ClCompile Include="src\DTSPacketHandler.cpp">
      <Filter>Source Files</Filter>
    </ClCompile>
    <ClCompile Include="src\ESDumpPacketHandler.cpp">
      <Filter>Source Files</Filter>
    </ClCompile>
    <ClCompile Include="src\esPacketDecoder.cpp">
      <Filter>Source Files</Filter>
    </ClCompile>
    <ClCompile Include="src\fileReader.cpp">
      <Filter>Source Files</Filter>
    </ClCompile>
    <ClCompile Include="src\fileWriter.cpp">
      <Filter>Source Files</Filter>
    </ClCompile>
    <ClCompile Include="src\Log.cpp">
      <Filter>Source Files</Filter>
    </ClCompile>
    <ClCompile Include="src\LPCMPacketHandler.cpp">
      <Filter>Source Files</Filter>
    </ClCompile>
    <ClCompile Include="src\pcr.cpp">
      <Filter>Source Files</Filter>
    </ClCompile>
    <ClCompile Include="src\PESPacketHandler.cpp">
      <Filter>Source Files</Filter>
    </ClCompile>
    <ClCompile Include="src\PTSPacketHandler.cpp">
      <Filter>Source Files</Filter>
    </ClCompile>
    <ClCompile Include="src\TransportPacket.cpp">
      <Filter>Source Files</Filter>
    </ClCompile>
    <ClCompile Include="src\TSPacketHandler.cpp">
      <Filter>Source Files</Filter>
    </ClCompile>
    <ClCompile Include="src\WAVFile.cpp">
      <Filter>Source Files</Filter>
    </ClCompile>
    <ClCompile Include="src\liba52_wrapper.cpp">
      <Filter>Source Files</Filter>
    </ClCompile>
    <ClCompile Include="src\AudioDSPFilters_Goertzel.cpp">
      <Filter>Source Files</Filter>
    </ClCompile>
    <ClCompile Include="src\AudioDSPFilters_Goertzel_dev.cpp">
      <Filter>Source Files</Filter>
    </ClCompile>
    <ClCompile Include="src\SampleBuffer.cpp">
      <Filter>Source Files</Filter>
    </ClCompile>
    <ClCompile Include="src\BigNum.cpp">
      <Filter>Source Files</Filter>
    </ClCompile>
  </ItemGroup>
</Project>